
Microsoft Visual Studio Solution File, Format Version 12.00
# Visual Studio Version 16
VisualStudioVersion = 16.0.29613.14
MinimumVisualStudioVersion = 10.0.40219.1
Project("{FAE04EC0-301F-11D3-BF4B-00C04F79EFBC}") = "SlicerConnector", "SlicerConnector\SlicerConnector.csproj", "{71EB6B86-ADA5-4CE2-96AF-6B3E83633110}"
EndProject
Project("{FAE04EC0-301F-11D3-BF4B-00C04F79EFBC}") = "SlicingBroker", "SlicingBroker\SlicingBroker.csproj", "{2691A5A3-7F30-44AC-BBFD-8280EB3A3007}"
EndProject
Global
	GlobalSection(SolutionConfigurationPlatforms) = preSolution
		Debug|Any CPU = Debug|Any CPU
		Release|Any CPU = Release|Any CPU
	EndGlobalSection
	GlobalSection(ProjectConfigurationPlatforms) = postSolution
		{71EB6B86-ADA5-4CE2-96AF-6B3E83633110}.Debug|Any CPU.ActiveCfg = Debug|Any CPU
		{71EB6B86-ADA5-4CE2-96AF-6B3E83633110}.Debug|Any CPU.Build.0 = Debug|Any CPU
		{71EB6B86-ADA5-4CE2-96AF-6B3E83633110}.Release|Any CPU.ActiveCfg = Release|Any CPU
		{71EB6B86-ADA5-4CE2-96AF-6B3E83633110}.Release|Any CPU.Build.0 = Release|Any CPU
		{2691A5A3-7F30-44AC-BBFD-8280EB3A3007}.Debug|Any CPU.ActiveCfg = Debug|Any CPU
		{2691A5A3-7F30-44AC-BBFD-8280EB3A3007}.Debug|Any CPU.Build.0 = Debug|Any CPU
		{2691A5A3-7F30-44AC-BBFD-8280EB3A3007}.Release|Any CPU.ActiveCfg = Release|Any CPU
		{2691A5A3-7F30-44AC-BBFD-8280EB3A3007}.Release|Any CPU.Build.0 = Release|Any CPU
	EndGlobalSection
	GlobalSection(SolutionProperties) = preSolution
		HideSolutionNode = FALSE
	EndGlobalSection
	GlobalSection(ExtensibilityGlobals) = postSolution
		SolutionGuid = {513DEDE1-C087-4FEA-9A10-FB947592C446}
	EndGlobalSection
EndGlobal
